
Microsoft Visual Studio Solution File, Format Version 12.00
# Visual Studio 2013
VisualStudioVersion = 12.0.21005.1
MinimumVisualStudioVersion = 10.0.40219.1
Project("{FAE04EC0-301F-11D3-BF4B-00C04F79EFBC}") = "ConcurrentLogger", "ConcurrentLogger\ConcurrentLogger.csproj", "{92F6F711-287B-46B1-BAA4-5F9D55A0BB54}"
EndProject
Project("{FAE04EC0-301F-11D3-BF4B-00C04F79EFBC}") = "UnitTest_Logger", "UnitTest_Logger\UnitTest_Logger.csproj", "{9D00091F-8372-4DC6-A348-D7FEFF57B48C}"
EndProject
Global
	GlobalSection(SolutionConfigurationPlatforms) = preSolution
		Debug|Any CPU = Debug|Any CPU
		Release|Any CPU = Release|Any CPU
	EndGlobalSection
	GlobalSection(ProjectConfigurationPlatforms) = postSolution
		{92F6F711-287B-46B1-BAA4-5F9D55A0BB54}.Debug|Any CPU.ActiveCfg = Debug|Any CPU
		{92F6F711-287B-46B1-BAA4-5F9D55A0BB54}.Debug|Any CPU.Build.0 = Debug|Any CPU
		{92F6F711-287B-46B1-BAA4-5F9D55A0BB54}.Release|Any CPU.ActiveCfg = Release|Any CPU
		{92F6F711-287B-46B1-BAA4-5F9D55A0BB54}.Release|Any CPU.Build.0 = Release|Any CPU
		{9D00091F-8372-4DC6-A348-D7FEFF57B48C}.Debug|Any CPU.ActiveCfg = Debug|Any CPU
		{9D00091F-8372-4DC6-A348-D7FEFF57B48C}.Debug|Any CPU.Build.0 = Debug|Any CPU
		{9D00091F-8372-4DC6-A348-D7FEFF57B48C}.Release|Any CPU.ActiveCfg = Release|Any CPU
		{9D00091F-8372-4DC6-A348-D7FEFF57B48C}.Release|Any CPU.Build.0 = Release|Any CPU
	EndGlobalSection
	GlobalSection(SolutionProperties) = preSolution
		HideSolutionNode = FALSE
	EndGlobalSection
EndGlobal
